
Microsoft Visual Studio Solution File, Format Version 12.00
# Visual Studio 15
VisualStudioVersion = 15.0.28307.168
MinimumVisualStudioVersion = 10.0.40219.1
Project("{FAE04EC0-301F-11D3-BF4B-00C04F79EFBC}") = "Car class", "Car class\Car class.csproj", "{B5E9F89F-9ECF-4A8A-BFEB-CF1C2A650073}"
EndProject
Global
	GlobalSection(SolutionConfigurationPlatforms) = preSolution
		Debug|Any CPU = Debug|Any CPU
		Release|Any CPU = Release|Any CPU
	EndGlobalSection
	GlobalSection(ProjectConfigurationPlatforms) = postSolution
		{B5E9F89F-9ECF-4A8A-BFEB-CF1C2A650073}.Debug|Any CPU.ActiveCfg = Debug|Any CPU
		{B5E9F89F-9ECF-4A8A-BFEB-CF1C2A650073}.Debug|Any CPU.Build.0 = Debug|Any CPU
		{B5E9F89F-9ECF-4A8A-BFEB-CF1C2A650073}.Release|Any CPU.ActiveCfg = Release|Any CPU
		{B5E9F89F-9ECF-4A8A-BFEB-CF1C2A650073}.Release|Any CPU.Build.0 = Release|Any CPU
	EndGlobalSection
	GlobalSection(SolutionProperties) = preSolution
		HideSolutionNode = FALSE
	EndGlobalSection
	GlobalSection(ExtensibilityGlobals) = postSolution
		SolutionGuid = {F0A8ED10-F88C-41A9-9ED9-9CDA07437FA3}
	EndGlobalSection
EndGlobal
