
Microsoft Visual Studio Solution File, Format Version 12.00
# Visual Studio 15
VisualStudioVersion = 15.0.28307.421
MinimumVisualStudioVersion = 10.0.40219.1
Project("{FAE04EC0-301F-11D3-BF4B-00C04F79EFBC}") = "FileManagerAndExceptions", "FileManagerAndExceptions\FileManagerAndExceptions.csproj", "{5F51357D-9E0B-46A4-98EA-66CEE6CCE1ED}"
EndProject
Global
	GlobalSection(SolutionConfigurationPlatforms) = preSolution
		Debug|Any CPU = Debug|Any CPU
		Release|Any CPU = Release|Any CPU
	EndGlobalSection
	GlobalSection(ProjectConfigurationPlatforms) = postSolution
		{5F51357D-9E0B-46A4-98EA-66CEE6CCE1ED}.Debug|Any CPU.ActiveCfg = Debug|Any CPU
		{5F51357D-9E0B-46A4-98EA-66CEE6CCE1ED}.Debug|Any CPU.Build.0 = Debug|Any CPU
		{5F51357D-9E0B-46A4-98EA-66CEE6CCE1ED}.Release|Any CPU.ActiveCfg = Release|Any CPU
		{5F51357D-9E0B-46A4-98EA-66CEE6CCE1ED}.Release|Any CPU.Build.0 = Release|Any CPU
	EndGlobalSection
	GlobalSection(SolutionProperties) = preSolution
		HideSolutionNode = FALSE
	EndGlobalSection
	GlobalSection(ExtensibilityGlobals) = postSolution
		SolutionGuid = {98ACDDB6-90C0-4C65-8F52-FCF03B76D3FF}
	EndGlobalSection
EndGlobal
